
Microsoft Visual Studio Solution File, Format Version 12.00
# Visual Studio for Mac
Project("{FAE04EC0-301F-11D3-BF4B-00C04F79EFBC}") = "Adkins_MyFirstProject", "Assembly-CSharp.csproj", "{EADA5E59-C10C-58A9-6303-DFCF6E0E2BBD}"
EndProject
Global
	GlobalSection(SolutionConfigurationPlatforms) = preSolution
		Debug|Any CPU = Debug|Any CPU
		Release|Any CPU = Release|Any CPU
	EndGlobalSection
	GlobalSection(ProjectConfigurationPlatforms) = postSolution
		{EADA5E59-C10C-58A9-6303-DFCF6E0E2BBD}.Debug|Any CPU.ActiveCfg = Debug|Any CPU
		{EADA5E59-C10C-58A9-6303-DFCF6E0E2BBD}.Debug|Any CPU.Build.0 = Debug|Any CPU
		{EADA5E59-C10C-58A9-6303-DFCF6E0E2BBD}.Release|Any CPU.ActiveCfg = Release|Any CPU
		{EADA5E59-C10C-58A9-6303-DFCF6E0E2BBD}.Release|Any CPU.Build.0 = Release|Any CPU
	EndGlobalSection
	GlobalSection(SolutionProperties) = preSolution
		HideSolutionNode = FALSE
	EndGlobalSection
EndGlobal
